
Microsoft Visual Studio Solution File, Format Version 12.00
# Visual Studio Version 16
VisualStudioVersion = 16.0.32106.194
MinimumVisualStudioVersion = 10.0.40219.1
Project("{FAE04EC0-301F-11D3-BF4B-00C04F79EFBC}") = "Abstract", "Abstract\Abstract.csproj", "{CFD95105-0EDE-422A-8F7E-0FDFAE135EA6}"
EndProject
Global
	GlobalSection(SolutionConfigurationPlatforms) = preSolution
		Debug|Any CPU = Debug|Any CPU
		Release|Any CPU = Release|Any CPU
	EndGlobalSection
	GlobalSection(ProjectConfigurationPlatforms) = postSolution
		{CFD95105-0EDE-422A-8F7E-0FDFAE135EA6}.Debug|Any CPU.ActiveCfg = Debug|Any CPU
		{CFD95105-0EDE-422A-8F7E-0FDFAE135EA6}.Debug|Any CPU.Build.0 = Debug|Any CPU
		{CFD95105-0EDE-422A-8F7E-0FDFAE135EA6}.Release|Any CPU.ActiveCfg = Release|Any CPU
		{CFD95105-0EDE-422A-8F7E-0FDFAE135EA6}.Release|Any CPU.Build.0 = Release|Any CPU
	EndGlobalSection
	GlobalSection(SolutionProperties) = preSolution
		HideSolutionNode = FALSE
	EndGlobalSection
	GlobalSection(ExtensibilityGlobals) = postSolution
		SolutionGuid = {7FA745D4-DDBB-4E94-99C7-91085C1F233B}
	EndGlobalSection
EndGlobal
